
Microsoft Visual Studio Solution File, Format Version 12.00
# Visual Studio Version 17
VisualStudioVersion = 17.4.33213.308
MinimumVisualStudioVersion = 10.0.40219.1
Project("{FAE04EC0-301F-11D3-BF4B-00C04F79EFBC}") = "StudentDataProject", "StudentDataProject\StudentDataProject.csproj", "{F90D3563-691C-4E95-BD55-E9160B1057E4}"
EndProject
Global
	GlobalSection(SolutionConfigurationPlatforms) = preSolution
		Debug|Any CPU = Debug|Any CPU
		Release|Any CPU = Release|Any CPU
	EndGlobalSection
	GlobalSection(ProjectConfigurationPlatforms) = postSolution
		{F90D3563-691C-4E95-BD55-E9160B1057E4}.Debug|Any CPU.ActiveCfg = Debug|Any CPU
		{F90D3563-691C-4E95-BD55-E9160B1057E4}.Debug|Any CPU.Build.0 = Debug|Any CPU
		{F90D3563-691C-4E95-BD55-E9160B1057E4}.Release|Any CPU.ActiveCfg = Release|Any CPU
		{F90D3563-691C-4E95-BD55-E9160B1057E4}.Release|Any CPU.Build.0 = Release|Any CPU
	EndGlobalSection
	GlobalSection(SolutionProperties) = preSolution
		HideSolutionNode = FALSE
	EndGlobalSection
	GlobalSection(ExtensibilityGlobals) = postSolution
		SolutionGuid = {09260081-E9DC-4CC0-8606-59E937376735}
	EndGlobalSection
EndGlobal
